apiVersion: machineconfiguration.openshift.io/v1
kind: MachineConfig
metadata:
  name: 99-gpu-worker-crio-memlock
  labels:
    machineconfiguration.openshift.io/role: gpu-worker
spec:
  config:
    ignition:
      version: 3.2.0
    storage:
      files:
        - path: /etc/crio/crio.conf.d/99-memlock.conf
          mode: 0644
          overwrite: true
          contents:
            source: data:text/plain;charset=utf-8;base64,W2NyaW8ucnVudGltZV0KZGVmYXVsdF91bGltaXRzID0gWwogICAgIm1lbWxvY2s9LTE6LTEiCl0K
